
Microsoft Visual Studio Solution File, Format Version 12.00
# Visual Studio 15
Project("{FAE04EC0-301F-11D3-BF4B-00C04F79EFBC}") = "Unity.Timeline", "Unity.Timeline.csproj", "{16D79EC4-540F-702C-583A-8FBD8B3D358F}"
EndProject
Project("{FAE04EC0-301F-11D3-BF4B-00C04F79EFBC}") = "Unity.Timeline.Editor", "Unity.Timeline.Editor.csproj", "{732E4BF2-0091-08A1-CD3B-85865D2142E5}"
EndProject
Project("{FAE04EC0-301F-11D3-BF4B-00C04F79EFBC}") = "Unity.2D.Tilemap.Editor", "Unity.2D.Tilemap.Editor.csproj", "{3F7BAA54-F8FA-2EFD-8B38-DDBAD6D172D9}"
EndProject
Project("{FAE04EC0-301F-11D3-BF4B-00C04F79EFBC}") = "Unity.TextMeshPro.Editor", "Unity.TextMeshPro.Editor.csproj", "{13194300-19C2-195F-45E9-09FABE9AEFC7}"
EndProject
Project("{FAE04EC0-301F-11D3-BF4B-00C04F79EFBC}") = "Unity.2D.Aseprite.Editor", "Unity.2D.Aseprite.Editor.csproj", "{BC1DB205-FD70-63BB-6888-98889F21A033}"
EndProject
Project("{FAE04EC0-301F-11D3-BF4B-00C04F79EFBC}") = "Unity.VisualScripting.Flow", "Unity.VisualScripting.Flow.csproj", "{87BBEE60-CAD3-D2D1-6326-C7BEEC8367ED}"
EndProject
Project("{FAE04EC0-301F-11D3-BF4B-00C04F79EFBC}") = "UnityEditor.UI", "UnityEditor.UI.csproj", "{A3E1CBA6-BB11-C2E7-D989-C17C1331F32B}"
EndProject
Project("{FAE04EC0-301F-11D3-BF4B-00C04F79EFBC}") = "Assembly-CSharp", "Assembly-CSharp.csproj", "{49ACB337-4582-47B0-DD8D-9D2F404B339C}"
EndProject
Project("{FAE04EC0-301F-11D3-BF4B-00C04F79EFBC}") = "Unity.PlasticSCM.Editor", "Unity.PlasticSCM.Editor.csproj", "{18B4E73F-2320-B20D-A675-0172762E4789}"
EndProject
Project("{FAE04EC0-301F-11D3-BF4B-00C04F79EFBC}") = "Unity.2D.Psdimporter.Editor", "Unity.2D.Psdimporter.Editor.csproj", "{6D6CB569-5DB0-A34B-ED3C-5E8759A8B081}"
EndProject
Project("{FAE04EC0-301F-11D3-BF4B-00C04F79EFBC}") = "Unity.VisualScripting.Core", "Unity.VisualScripting.Core.csproj", "{82FFFF2D-F2DF-A3D1-371B-D309F426C1E0}"
EndProject
Project("{FAE04EC0-301F-11D3-BF4B-00C04F79EFBC}") = "Unity.Mathematics", "Unity.Mathematics.csproj", "{973FDA98-D531-A1F1-82E9-2550E6251918}"
EndProject
Project("{FAE04EC0-301F-11D3-BF4B-00C04F79EFBC}") = "Unity.2D.Animation.Editor", "Unity.2D.Animation.Editor.csproj", "{86E186F0-56ED-5EAA-AD7F-72A1732EB664}"
EndProject
Project("{FAE04EC0-301F-11D3-BF4B-00C04F79EFBC}") = "Unity.2D.Common.Path.Editor", "Unity.2D.Common.Path.Editor.csproj", "{779F9CB0-8D87-E825-73F9-D0574A76F3A3}"
EndProject
Project("{FAE04EC0-301F-11D3-BF4B-00C04F79EFBC}") = "Unity.VisualScripting.Core.Editor", "Unity.VisualScripting.Core.Editor.csproj", "{202CB6AD-72C3-9637-34FC-88A35BE646AB}"
EndProject
Project("{FAE04EC0-301F-11D3-BF4B-00C04F79EFBC}") = "Unity.2D.IK.Runtime", "Unity.2D.IK.Runtime.csproj", "{2530D649-4BAB-2ACF-5F00-A684FD2B2E3E}"
EndProject
Project("{FAE04EC0-301F-11D3-BF4B-00C04F79EFBC}") = "Unity.VisualScripting.Flow.Editor", "Unity.VisualScripting.Flow.Editor.csproj", "{FDEA14EE-1884-EEDC-5121-F8C7828253F7}"
EndProject
Project("{FAE04EC0-301F-11D3-BF4B-00C04F79EFBC}") = "UnityEditor.TestRunner", "UnityEditor.TestRunner.csproj", "{B07F07AD-BEFF-B3AD-534E-EF935D463801}"
EndProject
Project("{FAE04EC0-301F-11D3-BF4B-00C04F79EFBC}") = "Unity.VisualScripting.SettingsProvider.Editor", "Unity.VisualScripting.SettingsProvider.Editor.csproj", "{E5A36128-5A56-5C2A-8086-A67CFFBCD5E1}"
EndProject
Project("{FAE04EC0-301F-11D3-BF4B-00C04F79EFBC}") = "UnityEngine.TestRunner", "UnityEngine.TestRunner.csproj", "{7F776750-2ECE-B247-7A5D-83702CD7E0CE}"
EndProject
Project("{FAE04EC0-301F-11D3-BF4B-00C04F79EFBC}") = "PsdPlugin", "PsdPlugin.csproj", "{F7B087EE-AE73-3AC0-CD73-B4823B3CBADE}"
EndProject
Project("{FAE04EC0-301F-11D3-BF4B-00C04F79EFBC}") = "Unity.Burst", "Unity.Burst.csproj", "{5F2530AF-98F2-B7AF-A5DF-CEBC22BC01FA}"
EndProject
Project("{FAE04EC0-301F-11D3-BF4B-00C04F79EFBC}") = "UnityEngine.UI", "UnityEngine.UI.csproj", "{5556B620-04DC-FC4B-C42D-118AA8D02FC4}"
EndProject
Project("{FAE04EC0-301F-11D3-BF4B-00C04F79EFBC}") = "Unity.AI.Navigation.Editor", "Unity.AI.Navigation.Editor.csproj", "{C7769FB9-10E2-7674-E450-896E8017DBD5}"
EndProject
Project("{FAE04EC0-301F-11D3-BF4B-00C04F79EFBC}") = "Unity.2D.SpriteShape.Editor", "Unity.2D.SpriteShape.Editor.csproj", "{BFB26D66-007F-F156-C6DC-93C3B982B058}"
EndProject
Project("{FAE04EC0-301F-11D3-BF4B-00C04F79EFBC}") = "Unity.Collections", "Unity.Collections.csproj", "{B8F0CCFD-27B5-0F81-7856-B0DDE89ED57B}"
EndProject
Project("{FAE04EC0-301F-11D3-BF4B-00C04F79EFBC}") = "Unity.VisualStudio.Editor", "Unity.VisualStudio.Editor.csproj", "{A24665CB-95D6-60E3-5A99-F231E04B19D2}"
EndProject
Project("{FAE04EC0-301F-11D3-BF4B-00C04F79EFBC}") = "Unity.2D.Tilemap.Extras.Editor", "Unity.2D.Tilemap.Extras.Editor.csproj", "{384D37A6-42D0-0135-D50A-2AEA656A7225}"
EndProject
Project("{FAE04EC0-301F-11D3-BF4B-00C04F79EFBC}") = "Unity.Rider.Editor", "Unity.Rider.Editor.csproj", "{3B873CA8-1ABC-EDF1-2380-E0F2A944AB5C}"
EndProject
Project("{FAE04EC0-301F-11D3-BF4B-00C04F79EFBC}") = "Unity.InternalAPIEditorBridge.001", "Unity.InternalAPIEditorBridge.001.csproj", "{16E4FEDC-CA38-9D4B-5E09-19D4A4B1096A}"
EndProject
Project("{FAE04EC0-301F-11D3-BF4B-00C04F79EFBC}") = "Unity.2D.SpriteShape.Runtime", "Unity.2D.SpriteShape.Runtime.csproj", "{374988BE-1131-E852-337B-8FA4A0596DD0}"
EndProject
Project("{FAE04EC0-301F-11D3-BF4B-00C04F79EFBC}") = "Unity.AI.Navigation", "Unity.AI.Navigation.csproj", "{1C042AAA-4D34-44C9-8704-90D6048A9BFF}"
EndProject
Project("{FAE04EC0-301F-11D3-BF4B-00C04F79EFBC}") = "Unity.AI.Navigation.Editor.ConversionSystem", "Unity.AI.Navigation.Editor.ConversionSystem.csproj", "{919FB9FF-B996-B2A2-2F59-9796A5A09327}"
EndProject
Project("{FAE04EC0-301F-11D3-BF4B-00C04F79EFBC}") = "Unity.VisualScripting.State.Editor", "Unity.VisualScripting.State.Editor.csproj", "{4453098B-188D-C980-F487-7FB22F12E7C4}"
EndProject
Project("{FAE04EC0-301F-11D3-BF4B-00C04F79EFBC}") = "Unity.2D.Animation.Runtime", "Unity.2D.Animation.Runtime.csproj", "{AE975689-1F0D-7BAE-0197-4E46BD8B3991}"
EndProject
Project("{FAE04EC0-301F-11D3-BF4B-00C04F79EFBC}") = "Unity.Burst.CodeGen", "Unity.Burst.CodeGen.csproj", "{3F8F5898-837D-8DD7-3EB3-C1FE5B9B46BF}"
EndProject
Project("{FAE04EC0-301F-11D3-BF4B-00C04F79EFBC}") = "Unity.2D.Tilemap.Extras", "Unity.2D.Tilemap.Extras.csproj", "{2DBC7DFA-0CF1-1C37-1816-BE83EEDEB1F6}"
EndProject
Project("{FAE04EC0-301F-11D3-BF4B-00C04F79EFBC}") = "Unity.VisualScripting.State", "Unity.VisualScripting.State.csproj", "{0CD2EDA1-8ABC-1F8E-8944-D1C1E86793ED}"
EndProject
Project("{FAE04EC0-301F-11D3-BF4B-00C04F79EFBC}") = "Unity.TextMeshPro", "Unity.TextMeshPro.csproj", "{44C4011C-B75E-6CBC-A202-F70094F98F2F}"
EndProject
Project("{FAE04EC0-301F-11D3-BF4B-00C04F79EFBC}") = "Unity.2D.Aseprite.Common", "Unity.2D.Aseprite.Common.csproj", "{EB5E245D-A4E7-E378-AE2A-A549988737E1}"
EndProject
Project("{FAE04EC0-301F-11D3-BF4B-00C04F79EFBC}") = "Unity.VSCode.Editor", "Unity.VSCode.Editor.csproj", "{35EDA39D-24F5-923B-FCDE-BEDDFBD89707}"
EndProject
Project("{FAE04EC0-301F-11D3-BF4B-00C04F79EFBC}") = "Unity.2D.IK.Editor", "Unity.2D.IK.Editor.csproj", "{FE9AF67B-BE60-A64D-02EC-AD4E7C0CDE7E}"
EndProject
Project("{FAE04EC0-301F-11D3-BF4B-00C04F79EFBC}") = "Unity.InternalAPIEngineBridge.001", "Unity.InternalAPIEngineBridge.001.csproj", "{41F558B0-A43C-EEEE-6572-594919CDCE26}"
EndProject
Project("{FAE04EC0-301F-11D3-BF4B-00C04F79EFBC}") = "Unity.Burst.Editor", "Unity.Burst.Editor.csproj", "{D5DE8958-5507-4D7C-686F-3A063DE131AE}"
EndProject
Project("{FAE04EC0-301F-11D3-BF4B-00C04F79EFBC}") = "Unity.2D.Common.Editor", "Unity.2D.Common.Editor.csproj", "{E38B4564-1BDE-02D0-9FCC-07E7BA8382A0}"
EndProject
Project("{FAE04EC0-301F-11D3-BF4B-00C04F79EFBC}") = "Unity.2D.Sprite.Editor", "Unity.2D.Sprite.Editor.csproj", "{1118C67E-35AF-01E5-1D68-5E9EF9420965}"
EndProject
Project("{FAE04EC0-301F-11D3-BF4B-00C04F79EFBC}") = "Unity.AI.Navigation.Updater", "Unity.AI.Navigation.Updater.csproj", "{21822D63-BE97-C891-3A54-0C00E29FCA45}"
EndProject
Project("{FAE04EC0-301F-11D3-BF4B-00C04F79EFBC}") = "Unity.2D.PixelPerfect", "Unity.2D.PixelPerfect.csproj", "{78486CDC-5D3C-9956-C2B7-FEDF3983DBB9}"
EndProject
Project("{FAE04EC0-301F-11D3-BF4B-00C04F79EFBC}") = "Unity.2D.PixelPerfect.Editor", "Unity.2D.PixelPerfect.Editor.csproj", "{D088FDB9-6F21-69B8-C55B-12488AD4BBC2}"
EndProject
Project("{FAE04EC0-301F-11D3-BF4B-00C04F79EFBC}") = "Unity.2D.Common.Runtime", "Unity.2D.Common.Runtime.csproj", "{AB0294F0-3C85-F81B-58A2-E5A4E039A639}"
EndProject
Project("{FAE04EC0-301F-11D3-BF4B-00C04F79EFBC}") = "Unity.Mathematics.Editor", "Unity.Mathematics.Editor.csproj", "{CB21D7D0-DACE-32AB-2CCB-00F4FB242A39}"
EndProject
Project("{FAE04EC0-301F-11D3-BF4B-00C04F79EFBC}") = "Unity.Collections.BurstCompatibilityGen", "Unity.Collections.BurstCompatibilityGen.csproj", "{D6E2D3B4-0709-ED6D-ED86-8EE2C07D9348}"
EndProject
Project("{FAE04EC0-301F-11D3-BF4B-00C04F79EFBC}") = "Unity.InternalAPIEditorBridge.005", "Unity.InternalAPIEditorBridge.005.csproj", "{AA2A62A8-B9AF-A41B-5445-4DEA825942D2}"
EndProject
Project("{FAE04EC0-301F-11D3-BF4B-00C04F79EFBC}") = "Unity.VisualScripting.Shared.Editor", "Unity.VisualScripting.Shared.Editor.csproj", "{543C4C48-D8F2-1593-1302-1A3D322D02CC}"
EndProject
Project("{FAE04EC0-301F-11D3-BF4B-00C04F79EFBC}") = "Unity.Collections.DocCodeSamples", "Unity.Collections.DocCodeSamples.csproj", "{6962B898-B01A-465D-56DD-74EC3156D842}"
EndProject
Project("{FAE04EC0-301F-11D3-BF4B-00C04F79EFBC}") = "Unity.CollabProxy.Editor", "Unity.CollabProxy.Editor.csproj", "{F05E1555-75AC-1F69-15E6-B76330A8B1EF}"
EndProject
Global
	GlobalSection(SolutionConfigurationPlatforms) = preSolution
		Debug|Any CPU = Debug|Any CPU
		Release|Any CPU = Release|Any CPU
	EndGlobalSection
	GlobalSection(ProjectConfigurationPlatforms) = postSolution
		{16D79EC4-540F-702C-583A-8FBD8B3D358F}.Debug|Any CPU.ActiveCfg = Debug|Any CPU
		{16D79EC4-540F-702C-583A-8FBD8B3D358F}.Debug|Any CPU.Build.0 = Debug|Any CPU
		{16D79EC4-540F-702C-583A-8FBD8B3D358F}.Release|Any CPU.ActiveCfg = Release|Any CPU
		{16D79EC4-540F-702C-583A-8FBD8B3D358F}.Release|Any CPU.Build.0 = Release|Any CPU
		{732E4BF2-0091-08A1-CD3B-85865D2142E5}.Debug|Any CPU.ActiveCfg = Debug|Any CPU
		{732E4BF2-0091-08A1-CD3B-85865D2142E5}.Debug|Any CPU.Build.0 = Debug|Any CPU
		{732E4BF2-0091-08A1-CD3B-85865D2142E5}.Release|Any CPU.ActiveCfg = Release|Any CPU
		{732E4BF2-0091-08A1-CD3B-85865D2142E5}.Release|Any CPU.Build.0 = Release|Any CPU
		{3F7BAA54-F8FA-2EFD-8B38-DDBAD6D172D9}.Debug|Any CPU.ActiveCfg = Debug|Any CPU
		{3F7BAA54-F8FA-2EFD-8B38-DDBAD6D172D9}.Debug|Any CPU.Build.0 = Debug|Any CPU
		{3F7BAA54-F8FA-2EFD-8B38-DDBAD6D172D9}.Release|Any CPU.ActiveCfg = Release|Any CPU
		{3F7BAA54-F8FA-2EFD-8B38-DDBAD6D172D9}.Release|Any CPU.Build.0 = Release|Any CPU
		{13194300-19C2-195F-45E9-09FABE9AEFC7}.Debug|Any CPU.ActiveCfg = Debug|Any CPU
		{13194300-19C2-195F-45E9-09FABE9AEFC7}.Debug|Any CPU.Build.0 = Debug|Any CPU
		{13194300-19C2-195F-45E9-09FABE9AEFC7}.Release|Any CPU.ActiveCfg = Release|Any CPU
		{13194300-19C2-195F-45E9-09FABE9AEFC7}.Release|Any CPU.Build.0 = Release|Any CPU
		{BC1DB205-FD70-63BB-6888-98889F21A033}.Debug|Any CPU.ActiveCfg = Debug|Any CPU
		{BC1DB205-FD70-63BB-6888-98889F21A033}.Debug|Any CPU.Build.0 = Debug|Any CPU
		{BC1DB205-FD70-63BB-6888-98889F21A033}.Release|Any CPU.ActiveCfg = Release|Any CPU
		{BC1DB205-FD70-63BB-6888-98889F21A033}.Release|Any CPU.Build.0 = Release|Any CPU
		{87BBEE60-CAD3-D2D1-6326-C7BEEC8367ED}.Debug|Any CPU.ActiveCfg = Debug|Any CPU
		{87BBEE60-CAD3-D2D1-6326-C7BEEC8367ED}.Debug|Any CPU.Build.0 = Debug|Any CPU
		{87BBEE60-CAD3-D2D1-6326-C7BEEC8367ED}.Release|Any CPU.ActiveCfg = Release|Any CPU
		{87BBEE60-CAD3-D2D1-6326-C7BEEC8367ED}.Release|Any CPU.Build.0 = Release|Any CPU
		{A3E1CBA6-BB11-C2E7-D989-C17C1331F32B}.Debug|Any CPU.ActiveCfg = Debug|Any CPU
		{A3E1CBA6-BB11-C2E7-D989-C17C1331F32B}.Debug|Any CPU.Build.0 = Debug|Any CPU
		{A3E1CBA6-BB11-C2E7-D989-C17C1331F32B}.Release|Any CPU.ActiveCfg = Release|Any CPU
		{A3E1CBA6-BB11-C2E7-D989-C17C1331F32B}.Release|Any CPU.Build.0 = Release|Any CPU
		{49ACB337-4582-47B0-DD8D-9D2F404B339C}.Debug|Any CPU.ActiveCfg = Debug|Any CPU
		{49ACB337-4582-47B0-DD8D-9D2F404B339C}.Debug|Any CPU.Build.0 = Debug|Any CPU
		{49ACB337-4582-47B0-DD8D-9D2F404B339C}.Release|Any CPU.ActiveCfg = Release|Any CPU
		{49ACB337-4582-47B0-DD8D-9D2F404B339C}.Release|Any CPU.Build.0 = Release|Any CPU
		{18B4E73F-2320-B20D-A675-0172762E4789}.Debug|Any CPU.ActiveCfg = Debug|Any CPU
		{18B4E73F-2320-B20D-A675-0172762E4789}.Debug|Any CPU.Build.0 = Debug|Any CPU
		{18B4E73F-2320-B20D-A675-0172762E4789}.Release|Any CPU.ActiveCfg = Release|Any CPU
		{18B4E73F-2320-B20D-A675-0172762E4789}.Release|Any CPU.Build.0 = Release|Any CPU
		{6D6CB569-5DB0-A34B-ED3C-5E8759A8B081}.Debug|Any CPU.ActiveCfg = Debug|Any CPU
		{6D6CB569-5DB0-A34B-ED3C-5E8759A8B081}.Debug|Any CPU.Build.0 = Debug|Any CPU
		{6D6CB569-5DB0-A34B-ED3C-5E8759A8B081}.Release|Any CPU.ActiveCfg = Release|Any CPU
		{6D6CB569-5DB0-A34B-ED3C-5E8759A8B081}.Release|Any CPU.Build.0 = Release|Any CPU
		{82FFFF2D-F2DF-A3D1-371B-D309F426C1E0}.Debug|Any CPU.ActiveCfg = Debug|Any CPU
		{82FFFF2D-F2DF-A3D1-371B-D309F426C1E0}.Debug|Any CPU.Build.0 = Debug|Any CPU
		{82FFFF2D-F2DF-A3D1-371B-D309F426C1E0}.Release|Any CPU.ActiveCfg = Release|Any CPU
		{82FFFF2D-F2DF-A3D1-371B-D309F426C1E0}.Release|Any CPU.Build.0 = Release|Any CPU
		{973FDA98-D531-A1F1-82E9-2550E6251918}.Debug|Any CPU.ActiveCfg = Debug|Any CPU
		{973FDA98-D531-A1F1-82E9-2550E6251918}.Debug|Any CPU.Build.0 = Debug|Any CPU
		{973FDA98-D531-A1F1-82E9-2550E6251918}.Release|Any CPU.ActiveCfg = Release|Any CPU
		{973FDA98-D531-A1F1-82E9-2550E6251918}.Release|Any CPU.Build.0 = Release|Any CPU
		{86E186F0-56ED-5EAA-AD7F-72A1732EB664}.Debug|Any CPU.ActiveCfg = Debug|Any CPU
		{86E186F0-56ED-5EAA-AD7F-72A1732EB664}.Debug|Any CPU.Build.0 = Debug|Any CPU
		{86E186F0-56ED-5EAA-AD7F-72A1732EB664}.Release|Any CPU.ActiveCfg = Release|Any CPU
		{86E186F0-56ED-5EAA-AD7F-72A1732EB664}.Release|Any CPU.Build.0 = Release|Any CPU
		{779F9CB0-8D87-E825-73F9-D0574A76F3A3}.Debug|Any CPU.ActiveCfg = Debug|Any CPU
		{779F9CB0-8D87-E825-73F9-D0574A76F3A3}.Debug|Any CPU.Build.0 = Debug|Any CPU
		{779F9CB0-8D87-E825-73F9-D0574A76F3A3}.Release|Any CPU.ActiveCfg = Release|Any CPU
		{779F9CB0-8D87-E825-73F9-D0574A76F3A3}.Release|Any CPU.Build.0 = Release|Any CPU
		{202CB6AD-72C3-9637-34FC-88A35BE646AB}.Debug|Any CPU.ActiveCfg = Debug|Any CPU
		{202CB6AD-72C3-9637-34FC-88A35BE646AB}.Debug|Any CPU.Build.0 = Debug|Any CPU
		{202CB6AD-72C3-9637-34FC-88A35BE646AB}.Release|Any CPU.ActiveCfg = Release|Any CPU
		{202CB6AD-72C3-9637-34FC-88A35BE646AB}.Release|Any CPU.Build.0 = Release|Any CPU
		{2530D649-4BAB-2ACF-5F00-A684FD2B2E3E}.Debug|Any CPU.ActiveCfg = Debug|Any CPU
		{2530D649-4BAB-2ACF-5F00-A684FD2B2E3E}.Debug|Any CPU.Build.0 = Debug|Any CPU
		{2530D649-4BAB-2ACF-5F00-A684FD2B2E3E}.Release|Any CPU.ActiveCfg = Release|Any CPU
		{2530D649-4BAB-2ACF-5F00-A684FD2B2E3E}.Release|Any CPU.Build.0 = Release|Any CPU
		{FDEA14EE-1884-EEDC-5121-F8C7828253F7}.Debug|Any CPU.ActiveCfg = Debug|Any CPU
		{FDEA14EE-1884-EEDC-5121-F8C7828253F7}.Debug|Any CPU.Build.0 = Debug|Any CPU
		{FDEA14EE-1884-EEDC-5121-F8C7828253F7}.Release|Any CPU.ActiveCfg = Release|Any CPU
		{FDEA14EE-1884-EEDC-5121-F8C7828253F7}.Release|Any CPU.Build.0 = Release|Any CPU
		{B07F07AD-BEFF-B3AD-534E-EF935D463801}.Debug|Any CPU.ActiveCfg = Debug|Any CPU
		{B07F07AD-BEFF-B3AD-534E-EF935D463801}.Debug|Any CPU.Build.0 = Debug|Any CPU
		{B07F07AD-BEFF-B3AD-534E-EF935D463801}.Release|Any CPU.ActiveCfg = Release|Any CPU
		{B07F07AD-BEFF-B3AD-534E-EF935D463801}.Release|Any CPU.Build.0 = Release|Any CPU
		{E5A36128-5A56-5C2A-8086-A67CFFBCD5E1}.Debug|Any CPU.ActiveCfg = Debug|Any CPU
		{E5A36128-5A56-5C2A-8086-A67CFFBCD5E1}.Debug|Any CPU.Build.0 = Debug|Any CPU
		{E5A36128-5A56-5C2A-8086-A67CFFBCD5E1}.Release|Any CPU.ActiveCfg = Release|Any CPU
		{E5A36128-5A56-5C2A-8086-A67CFFBCD5E1}.Release|Any CPU.Build.0 = Release|Any CPU
		{7F776750-2ECE-B247-7A5D-83702CD7E0CE}.Debug|Any CPU.ActiveCfg = Debug|Any CPU
		{7F776750-2ECE-B247-7A5D-83702CD7E0CE}.Debug|Any CPU.Build.0 = Debug|Any CPU
		{7F776750-2ECE-B247-7A5D-83702CD7E0CE}.Release|Any CPU.ActiveCfg = Release|Any CPU
		{7F776750-2ECE-B247-7A5D-83702CD7E0CE}.Release|Any CPU.Build.0 = Release|Any CPU
		{F7B087EE-AE73-3AC0-CD73-B4823B3CBADE}.Debug|Any CPU.ActiveCfg = Debug|Any CPU
		{F7B087EE-AE73-3AC0-CD73-B4823B3CBADE}.Debug|Any CPU.Build.0 = Debug|Any CPU
		{F7B087EE-AE73-3AC0-CD73-B4823B3CBADE}.Release|Any CPU.ActiveCfg = Release|Any CPU
		{F7B087EE-AE73-3AC0-CD73-B4823B3CBADE}.Release|Any CPU.Build.0 = Release|Any CPU
		{5F2530AF-98F2-B7AF-A5DF-CEBC22BC01FA}.Debug|Any CPU.ActiveCfg = Debug|Any CPU
		{5F2530AF-98F2-B7AF-A5DF-CEBC22BC01FA}.Debug|Any CPU.Build.0 = Debug|Any CPU
		{5F2530AF-98F2-B7AF-A5DF-CEBC22BC01FA}.Release|Any CPU.ActiveCfg = Release|Any CPU
		{5F2530AF-98F2-B7AF-A5DF-CEBC22BC01FA}.Release|Any CPU.Build.0 = Release|Any CPU
		{5556B620-04DC-FC4B-C42D-118AA8D02FC4}.Debug|Any CPU.ActiveCfg = Debug|Any CPU
		{5556B620-04DC-FC4B-C42D-118AA8D02FC4}.Debug|Any CPU.Build.0 = Debug|Any CPU
		{5556B620-04DC-FC4B-C42D-118AA8D02FC4}.Release|Any CPU.ActiveCfg = Release|Any CPU
		{5556B620-04DC-FC4B-C42D-118AA8D02FC4}.Release|Any CPU.Build.0 = Release|Any CPU
		{C7769FB9-10E2-7674-E450-896E8017DBD5}.Debug|Any CPU.ActiveCfg = Debug|Any CPU
		{C7769FB9-10E2-7674-E450-896E8017DBD5}.Debug|Any CPU.Build.0 = Debug|Any CPU
		{C7769FB9-10E2-7674-E450-896E8017DBD5}.Release|Any CPU.ActiveCfg = Release|Any CPU
		{C7769FB9-10E2-7674-E450-896E8017DBD5}.Release|Any CPU.Build.0 = Release|Any CPU
		{BFB26D66-007F-F156-C6DC-93C3B982B058}.Debug|Any CPU.ActiveCfg = Debug|Any CPU
		{BFB26D66-007F-F156-C6DC-93C3B982B058}.Debug|Any CPU.Build.0 = Debug|Any CPU
		{BFB26D66-007F-F156-C6DC-93C3B982B058}.Release|Any CPU.ActiveCfg = Release|Any CPU
		{BFB26D66-007F-F156-C6DC-93C3B982B058}.Release|Any CPU.Build.0 = Release|Any CPU
		{B8F0CCFD-27B5-0F81-7856-B0DDE89ED57B}.Debug|Any CPU.ActiveCfg = Debug|Any CPU
		{B8F0CCFD-27B5-0F81-7856-B0DDE89ED57B}.Debug|Any CPU.Build.0 = Debug|Any CPU
		{B8F0CCFD-27B5-0F81-7856-B0DDE89ED57B}.Release|Any CPU.ActiveCfg = Release|Any CPU
		{B8F0CCFD-27B5-0F81-7856-B0DDE89ED57B}.Release|Any CPU.Build.0 = Release|Any CPU
		{A24665CB-95D6-60E3-5A99-F231E04B19D2}.Debug|Any CPU.ActiveCfg = Debug|Any CPU
		{A24665CB-95D6-60E3-5A99-F231E04B19D2}.Debug|Any CPU.Build.0 = Debug|Any CPU
		{A24665CB-95D6-60E3-5A99-F231E04B19D2}.Release|Any CPU.ActiveCfg = Release|Any CPU
		{A24665CB-95D6-60E3-5A99-F231E04B19D2}.Release|Any CPU.Build.0 = Release|Any CPU
		{384D37A6-42D0-0135-D50A-2AEA656A7225}.Debug|Any CPU.ActiveCfg = Debug|Any CPU
		{384D37A6-42D0-0135-D50A-2AEA656A7225}.Debug|Any CPU.Build.0 = Debug|Any CPU
		{384D37A6-42D0-0135-D50A-2AEA656A7225}.Release|Any CPU.ActiveCfg = Release|Any CPU
		{384D37A6-42D0-0135-D50A-2AEA656A7225}.Release|Any CPU.Build.0 = Release|Any CPU
		{3B873CA8-1ABC-EDF1-2380-E0F2A944AB5C}.Debug|Any CPU.ActiveCfg = Debug|Any CPU
		{3B873CA8-1ABC-EDF1-2380-E0F2A944AB5C}.Debug|Any CPU.Build.0 = Debug|Any CPU
		{3B873CA8-1ABC-EDF1-2380-E0F2A944AB5C}.Release|Any CPU.ActiveCfg = Release|Any CPU
		{3B873CA8-1ABC-EDF1-2380-E0F2A944AB5C}.Release|Any CPU.Build.0 = Release|Any CPU
		{16E4FEDC-CA38-9D4B-5E09-19D4A4B1096A}.Debug|Any CPU.ActiveCfg = Debug|Any CPU
		{16E4FEDC-CA38-9D4B-5E09-19D4A4B1096A}.Debug|Any CPU.Build.0 = Debug|Any CPU
		{16E4FEDC-CA38-9D4B-5E09-19D4A4B1096A}.Release|Any CPU.ActiveCfg = Release|Any CPU
		{16E4FEDC-CA38-9D4B-5E09-19D4A4B1096A}.Release|Any CPU.Build.0 = Release|Any CPU
		{374988BE-1131-E852-337B-8FA4A0596DD0}.Debug|Any CPU.ActiveCfg = Debug|Any CPU
		{374988BE-1131-E852-337B-8FA4A0596DD0}.Debug|Any CPU.Build.0 = Debug|Any CPU
		{374988BE-1131-E852-337B-8FA4A0596DD0}.Release|Any CPU.ActiveCfg = Release|Any CPU
		{374988BE-1131-E852-337B-8FA4A0596DD0}.Release|Any CPU.Build.0 = Release|Any CPU
		{1C042AAA-4D34-44C9-8704-90D6048A9BFF}.Debug|Any CPU.ActiveCfg = Debug|Any CPU
		{1C042AAA-4D34-44C9-8704-90D6048A9BFF}.Debug|Any CPU.Build.0 = Debug|Any CPU
		{1C042AAA-4D34-44C9-8704-90D6048A9BFF}.Release|Any CPU.ActiveCfg = Release|Any CPU
		{1C042AAA-4D34-44C9-8704-90D6048A9BFF}.Release|Any CPU.Build.0 = Release|Any CPU
		{919FB9FF-B996-B2A2-2F59-9796A5A09327}.Debug|Any CPU.ActiveCfg = Debug|Any CPU
		{919FB9FF-B996-B2A2-2F59-9796A5A09327}.Debug|Any CPU.Build.0 = Debug|Any CPU
		{919FB9FF-B996-B2A2-2F59-9796A5A09327}.Release|Any CPU.ActiveCfg = Release|Any CPU
		{919FB9FF-B996-B2A2-2F59-9796A5A09327}.Release|Any CPU.Build.0 = Release|Any CPU
		{4453098B-188D-C980-F487-7FB22F12E7C4}.Debug|Any CPU.ActiveCfg = Debug|Any CPU
		{4453098B-188D-C980-F487-7FB22F12E7C4}.Debug|Any CPU.Build.0 = Debug|Any CPU
		{4453098B-188D-C980-F487-7FB22F12E7C4}.Release|Any CPU.ActiveCfg = Release|Any CPU
		{4453098B-188D-C980-F487-7FB22F12E7C4}.Release|Any CPU.Build.0 = Release|Any CPU
		{AE975689-1F0D-7BAE-0197-4E46BD8B3991}.Debug|Any CPU.ActiveCfg = Debug|Any CPU
		{AE975689-1F0D-7BAE-0197-4E46BD8B3991}.Debug|Any CPU.Build.0 = Debug|Any CPU
		{AE975689-1F0D-7BAE-0197-4E46BD8B3991}.Release|Any CPU.ActiveCfg = Release|Any CPU
		{AE975689-1F0D-7BAE-0197-4E46BD8B3991}.Release|Any CPU.Build.0 = Release|Any CPU
		{3F8F5898-837D-8DD7-3EB3-C1FE5B9B46BF}.Debug|Any CPU.ActiveCfg = Debug|Any CPU
		{3F8F5898-837D-8DD7-3EB3-C1FE5B9B46BF}.Debug|Any CPU.Build.0 = Debug|Any CPU
		{3F8F5898-837D-8DD7-3EB3-C1FE5B9B46BF}.Release|Any CPU.ActiveCfg = Release|Any CPU
		{3F8F5898-837D-8DD7-3EB3-C1FE5B9B46BF}.Release|Any CPU.Build.0 = Release|Any CPU
		{2DBC7DFA-0CF1-1C37-1816-BE83EEDEB1F6}.Debug|Any CPU.ActiveCfg = Debug|Any CPU
		{2DBC7DFA-0CF1-1C37-1816-BE83EEDEB1F6}.Debug|Any CPU.Build.0 = Debug|Any CPU
		{2DBC7DFA-0CF1-1C37-1816-BE83EEDEB1F6}.Release|Any CPU.ActiveCfg = Release|Any CPU
		{2DBC7DFA-0CF1-1C37-1816-BE83EEDEB1F6}.Release|Any CPU.Build.0 = Release|Any CPU
		{0CD2EDA1-8ABC-1F8E-8944-D1C1E86793ED}.Debug|Any CPU.ActiveCfg = Debug|Any CPU
		{0CD2EDA1-8ABC-1F8E-8944-D1C1E86793ED}.Debug|Any CPU.Build.0 = Debug|Any CPU
		{0CD2EDA1-8ABC-1F8E-8944-D1C1E86793ED}.Release|Any CPU.ActiveCfg = Release|Any CPU
		{0CD2EDA1-8ABC-1F8E-8944-D1C1E86793ED}.Release|Any CPU.Build.0 = Release|Any CPU
		{44C4011C-B75E-6CBC-A202-F70094F98F2F}.Debug|Any CPU.ActiveCfg = Debug|Any CPU
		{44C4011C-B75E-6CBC-A202-F70094F98F2F}.Debug|Any CPU.Build.0 = Debug|Any CPU
		{44C4011C-B75E-6CBC-A202-F70094F98F2F}.Release|Any CPU.ActiveCfg = Release|Any CPU
		{44C4011C-B75E-6CBC-A202-F70094F98F2F}.Release|Any CPU.Build.0 = Release|Any CPU
		{EB5E245D-A4E7-E378-AE2A-A549988737E1}.Debug|Any CPU.ActiveCfg = Debug|Any CPU
		{EB5E245D-A4E7-E378-AE2A-A549988737E1}.Debug|Any CPU.Build.0 = Debug|Any CPU
		{EB5E245D-A4E7-E378-AE2A-A549988737E1}.Release|Any CPU.ActiveCfg = Release|Any CPU
		{EB5E245D-A4E7-E378-AE2A-A549988737E1}.Release|Any CPU.Build.0 = Release|Any CPU
		{35EDA39D-24F5-923B-FCDE-BEDDFBD89707}.Debug|Any CPU.ActiveCfg = Debug|Any CPU
		{35EDA39D-24F5-923B-FCDE-BEDDFBD89707}.Debug|Any CPU.Build.0 = Debug|Any CPU
		{35EDA39D-24F5-923B-FCDE-BEDDFBD89707}.Release|Any CPU.ActiveCfg = Release|Any CPU
		{35EDA39D-24F5-923B-FCDE-BEDDFBD89707}.Release|Any CPU.Build.0 = Release|Any CPU
		{FE9AF67B-BE60-A64D-02EC-AD4E7C0CDE7E}.Debug|Any CPU.ActiveCfg = Debug|Any CPU
		{FE9AF67B-BE60-A64D-02EC-AD4E7C0CDE7E}.Debug|Any CPU.Build.0 = Debug|Any CPU
		{FE9AF67B-BE60-A64D-02EC-AD4E7C0CDE7E}.Release|Any CPU.ActiveCfg = Release|Any CPU
		{FE9AF67B-BE60-A64D-02EC-AD4E7C0CDE7E}.Release|Any CPU.Build.0 = Release|Any CPU
		{41F558B0-A43C-EEEE-6572-594919CDCE26}.Debug|Any CPU.ActiveCfg = Debug|Any CPU
		{41F558B0-A43C-EEEE-6572-594919CDCE26}.Debug|Any CPU.Build.0 = Debug|Any CPU
		{41F558B0-A43C-EEEE-6572-594919CDCE26}.Release|Any CPU.ActiveCfg = Release|Any CPU
		{41F558B0-A43C-EEEE-6572-594919CDCE26}.Release|Any CPU.Build.0 = Release|Any CPU
		{D5DE8958-5507-4D7C-686F-3A063DE131AE}.Debug|Any CPU.ActiveCfg = Debug|Any CPU
		{D5DE8958-5507-4D7C-686F-3A063DE131AE}.Debug|Any CPU.Build.0 = Debug|Any CPU
		{D5DE8958-5507-4D7C-686F-3A063DE131AE}.Release|Any CPU.ActiveCfg = Release|Any CPU
		{D5DE8958-5507-4D7C-686F-3A063DE131AE}.Release|Any CPU.Build.0 = Release|Any CPU
		{E38B4564-1BDE-02D0-9FCC-07E7BA8382A0}.Debug|Any CPU.ActiveCfg = Debug|Any CPU
		{E38B4564-1BDE-02D0-9FCC-07E7BA8382A0}.Debug|Any CPU.Build.0 = Debug|Any CPU
		{E38B4564-1BDE-02D0-9FCC-07E7BA8382A0}.Release|Any CPU.ActiveCfg = Release|Any CPU
		{E38B4564-1BDE-02D0-9FCC-07E7BA8382A0}.Release|Any CPU.Build.0 = Release|Any CPU
		{1118C67E-35AF-01E5-1D68-5E9EF9420965}.Debug|Any CPU.ActiveCfg = Debug|Any CPU
		{1118C67E-35AF-01E5-1D68-5E9EF9420965}.Debug|Any CPU.Build.0 = Debug|Any CPU
		{1118C67E-35AF-01E5-1D68-5E9EF9420965}.Release|Any CPU.ActiveCfg = Release|Any CPU
		{1118C67E-35AF-01E5-1D68-5E9EF9420965}.Release|Any CPU.Build.0 = Release|Any CPU
		{21822D63-BE97-C891-3A54-0C00E29FCA45}.Debug|Any CPU.ActiveCfg = Debug|Any CPU
		{21822D63-BE97-C891-3A54-0C00E29FCA45}.Debug|Any CPU.Build.0 = Debug|Any CPU
		{21822D63-BE97-C891-3A54-0C00E29FCA45}.Release|Any CPU.ActiveCfg = Release|Any CPU
		{21822D63-BE97-C891-3A54-0C00E29FCA45}.Release|Any CPU.Build.0 = Release|Any CPU
		{78486CDC-5D3C-9956-C2B7-FEDF3983DBB9}.Debug|Any CPU.ActiveCfg = Debug|Any CPU
		{78486CDC-5D3C-9956-C2B7-FEDF3983DBB9}.Debug|Any CPU.Build.0 = Debug|Any CPU
		{78486CDC-5D3C-9956-C2B7-FEDF3983DBB9}.Release|Any CPU.ActiveCfg = Release|Any CPU
		{78486CDC-5D3C-9956-C2B7-FEDF3983DBB9}.Release|Any CPU.Build.0 = Release|Any CPU
		{D088FDB9-6F21-69B8-C55B-12488AD4BBC2}.Debug|Any CPU.ActiveCfg = Debug|Any CPU
		{D088FDB9-6F21-69B8-C55B-12488AD4BBC2}.Debug|Any CPU.Build.0 = Debug|Any CPU
		{D088FDB9-6F21-69B8-C55B-12488AD4BBC2}.Release|Any CPU.ActiveCfg = Release|Any CPU
		{D088FDB9-6F21-69B8-C55B-12488AD4BBC2}.Release|Any CPU.Build.0 = Release|Any CPU
		{AB0294F0-3C85-F81B-58A2-E5A4E039A639}.Debug|Any CPU.ActiveCfg = Debug|Any CPU
		{AB0294F0-3C85-F81B-58A2-E5A4E039A639}.Debug|Any CPU.Build.0 = Debug|Any CPU
		{AB0294F0-3C85-F81B-58A2-E5A4E039A639}.Release|Any CPU.ActiveCfg = Release|Any CPU
		{AB0294F0-3C85-F81B-58A2-E5A4E039A639}.Release|Any CPU.Build.0 = Release|Any CPU
		{CB21D7D0-DACE-32AB-2CCB-00F4FB242A39}.Debug|Any CPU.ActiveCfg = Debug|Any CPU
		{CB21D7D0-DACE-32AB-2CCB-00F4FB242A39}.Debug|Any CPU.Build.0 = Debug|Any CPU
		{CB21D7D0-DACE-32AB-2CCB-00F4FB242A39}.Release|Any CPU.ActiveCfg = Release|Any CPU
		{CB21D7D0-DACE-32AB-2CCB-00F4FB242A39}.Release|Any CPU.Build.0 = Release|Any CPU
		{D6E2D3B4-0709-ED6D-ED86-8EE2C07D9348}.Debug|Any CPU.ActiveCfg = Debug|Any CPU
		{D6E2D3B4-0709-ED6D-ED86-8EE2C07D9348}.Debug|Any CPU.Build.0 = Debug|Any CPU
		{D6E2D3B4-0709-ED6D-ED86-8EE2C07D9348}.Release|Any CPU.ActiveCfg = Release|Any CPU
		{D6E2D3B4-0709-ED6D-ED86-8EE2C07D9348}.Release|Any CPU.Build.0 = Release|Any CPU
		{AA2A62A8-B9AF-A41B-5445-4DEA825942D2}.Debug|Any CPU.ActiveCfg = Debug|Any CPU
		{AA2A62A8-B9AF-A41B-5445-4DEA825942D2}.Debug|Any CPU.Build.0 = Debug|Any CPU
		{AA2A62A8-B9AF-A41B-5445-4DEA825942D2}.Release|Any CPU.ActiveCfg = Release|Any CPU
		{AA2A62A8-B9AF-A41B-5445-4DEA825942D2}.Release|Any CPU.Build.0 = Release|Any CPU
		{543C4C48-D8F2-1593-1302-1A3D322D02CC}.Debug|Any CPU.ActiveCfg = Debug|Any CPU
		{543C4C48-D8F2-1593-1302-1A3D322D02CC}.Debug|Any CPU.Build.0 = Debug|Any CPU
		{543C4C48-D8F2-1593-1302-1A3D322D02CC}.Release|Any CPU.ActiveCfg = Release|Any CPU
		{543C4C48-D8F2-1593-1302-1A3D322D02CC}.Release|Any CPU.Build.0 = Release|Any CPU
		{6962B898-B01A-465D-56DD-74EC3156D842}.Debug|Any CPU.ActiveCfg = Debug|Any CPU
		{6962B898-B01A-465D-56DD-74EC3156D842}.Debug|Any CPU.Build.0 = Debug|Any CPU
		{6962B898-B01A-465D-56DD-74EC3156D842}.Release|Any CPU.ActiveCfg = Release|Any CPU
		{6962B898-B01A-465D-56DD-74EC3156D842}.Release|Any CPU.Build.0 = Release|Any CPU
		{F05E1555-75AC-1F69-15E6-B76330A8B1EF}.Debug|Any CPU.ActiveCfg = Debug|Any CPU
		{F05E1555-75AC-1F69-15E6-B76330A8B1EF}.Debug|Any CPU.Build.0 = Debug|Any CPU
		{F05E1555-75AC-1F69-15E6-B76330A8B1EF}.Release|Any CPU.ActiveCfg = Release|Any CPU
		{F05E1555-75AC-1F69-15E6-B76330A8B1EF}.Release|Any CPU.Build.0 = Release|Any CPU
	EndGlobalSection
	GlobalSection(SolutionProperties) = preSolution
		HideSolutionNode = FALSE
	EndGlobalSection
EndGlobal
